
Microsoft Visual Studio Solution File, Format Version 12.00
# Visual Studio Version 16
VisualStudioVersion = 16.0.31019.35
MinimumVisualStudioVersion = 10.0.40219.1
Project("{FAE04EC0-301F-11D3-BF4B-00C04F79EFBC}") = "ClassLibrary2", "ClassLibrary2.csproj", "{87CDA968-C5E0-43B8-A996-8E8202122D99}"
EndProject
Project("{FAE04EC0-301F-11D3-BF4B-00C04F79EFBC}") = "ConsoleApp2", "..\ConsoleApp2\ConsoleApp2.csproj", "{B94D5CEC-1954-4162-8B43-8E4291539A09}"
EndProject
Global
	GlobalSection(SolutionConfigurationPlatforms) = preSolution
		Debug|Any CPU = Debug|Any CPU
		Release|Any CPU = Release|Any CPU
	EndGlobalSection
	GlobalSection(ProjectConfigurationPlatforms) = postSolution
		{87CDA968-C5E0-43B8-A996-8E8202122D99}.Debug|Any CPU.ActiveCfg = Debug|Any CPU
		{87CDA968-C5E0-43B8-A996-8E8202122D99}.Debug|Any CPU.Build.0 = Debug|Any CPU
		{87CDA968-C5E0-43B8-A996-8E8202122D99}.Release|Any CPU.ActiveCfg = Release|Any CPU
		{87CDA968-C5E0-43B8-A996-8E8202122D99}.Release|Any CPU.Build.0 = Release|Any CPU
		{B94D5CEC-1954-4162-8B43-8E4291539A09}.Debug|Any CPU.ActiveCfg = Debug|Any CPU
		{B94D5CEC-1954-4162-8B43-8E4291539A09}.Debug|Any CPU.Build.0 = Debug|Any CPU
		{B94D5CEC-1954-4162-8B43-8E4291539A09}.Release|Any CPU.ActiveCfg = Release|Any CPU
		{B94D5CEC-1954-4162-8B43-8E4291539A09}.Release|Any CPU.Build.0 = Release|Any CPU
	EndGlobalSection
	GlobalSection(SolutionProperties) = preSolution
		HideSolutionNode = FALSE
	EndGlobalSection
	GlobalSection(ExtensibilityGlobals) = postSolution
		SolutionGuid = {3162D672-E790-466C-AE2E-A00617AE9F03}
	EndGlobalSection
EndGlobal
